
Microsoft Visual Studio Solution File, Format Version 12.00
# Visual Studio 14
VisualStudioVersion = 14.0.25420.1
MinimumVisualStudioVersion = 10.0.40219.1
Project("{FAE04EC0-301F-11D3-BF4B-00C04F79EFBC}") = "UserStorage", "UserStorage\UserStorage.csproj", "{0A0EC019-4974-44D7-824A-E78BE52C9289}"
EndProject
Project("{FAE04EC0-301F-11D3-BF4B-00C04F79EFBC}") = "StorageTest", "StorageTest\StorageTest.csproj", "{5D56881B-AC25-4827-B944-3DB1B5CEE05E}"
EndProject
Project("{FAE04EC0-301F-11D3-BF4B-00C04F79EFBC}") = "MasterSlave", "MasterSlave\MasterSlave.csproj", "{F7630995-2476-4F40-95AC-1D217FC4FA3D}"
EndProject
Global
	GlobalSection(SolutionConfigurationPlatforms) = preSolution
		Debug|Any CPU = Debug|Any CPU
		Release|Any CPU = Release|Any CPU
	EndGlobalSection
	GlobalSection(ProjectConfigurationPlatforms) = postSolution
		{0A0EC019-4974-44D7-824A-E78BE52C9289}.Debug|Any CPU.ActiveCfg = Debug|Any CPU
		{0A0EC019-4974-44D7-824A-E78BE52C9289}.Debug|Any CPU.Build.0 = Debug|Any CPU
		{0A0EC019-4974-44D7-824A-E78BE52C9289}.Release|Any CPU.ActiveCfg = Release|Any CPU
		{0A0EC019-4974-44D7-824A-E78BE52C9289}.Release|Any CPU.Build.0 = Release|Any CPU
		{5D56881B-AC25-4827-B944-3DB1B5CEE05E}.Debug|Any CPU.ActiveCfg = Debug|Any CPU
		{5D56881B-AC25-4827-B944-3DB1B5CEE05E}.Debug|Any CPU.Build.0 = Debug|Any CPU
		{5D56881B-AC25-4827-B944-3DB1B5CEE05E}.Release|Any CPU.ActiveCfg = Release|Any CPU
		{5D56881B-AC25-4827-B944-3DB1B5CEE05E}.Release|Any CPU.Build.0 = Release|Any CPU
		{F7630995-2476-4F40-95AC-1D217FC4FA3D}.Debug|Any CPU.ActiveCfg = Debug|Any CPU
		{F7630995-2476-4F40-95AC-1D217FC4FA3D}.Debug|Any CPU.Build.0 = Debug|Any CPU
		{F7630995-2476-4F40-95AC-1D217FC4FA3D}.Release|Any CPU.ActiveCfg = Release|Any CPU
		{F7630995-2476-4F40-95AC-1D217FC4FA3D}.Release|Any CPU.Build.0 = Release|Any CPU
	EndGlobalSection
	GlobalSection(SolutionProperties) = preSolution
		HideSolutionNode = FALSE
	EndGlobalSection
EndGlobal
